// !$*UTF8*$!
{
	archiveVersion = 1;
	classes = {
	};
	objectVersion = 46;
	objects = {

/* Begin PBXBuildFile section */
		51CB75E315BE68A70052E201 /* popoverArrowLeft.png in Resources */ = {isa = PBXBuildFile; fileRef = 51CEE03415BA128400C2CEE9 /* popoverArrowLeft.png */; };
		51CB75E415BE68A70052E201 /* popoverArrowLeft@2x.png in Resources */ = {isa = PBXBuildFile; fileRef = 51CEE03515BA128400C2CEE9 /* popoverArrowLeft@2x.png */; };
		51CB75E515BE68A70052E201 /* popoverArrowLeftSimple.png in Resources */ = {isa = PBXBuildFile; fileRef = 51CEE03615BA128400C2CEE9 /* popoverArrowLeftSimple.png */; };
		51CB75E615BE68A70052E201 /* popoverArrowRight.png in Resources */ = {isa = PBXBuildFile; fileRef = 51CEE03715BA128400C2CEE9 /* popoverArrowRight.png */; };
		51CB75E715BE68A70052E201 /* popoverArrowRight@2x.png in Resources */ = {isa = PBXBuildFile; fileRef = 51CEE03815BA128400C2CEE9 /* popoverArrowRight@2x.png */; };
		51CB75E815BE68A70052E201 /* popoverArrowRightSimple.png in Resources */ = {isa = PBXBuildFile; fileRef = 51CEE03915BA128400C2CEE9 /* popoverArrowRightSimple.png */; };
		51CB75E915BE68A70052E201 /* popoverArrowUp.png in Resources */ = {isa = PBXBuildFile; fileRef = 51CEE03A15BA128400C2CEE9 /* popoverArrowUp.png */; };
		51CB75EA15BE68A70052E201 /* popoverArrowUp@2x.png in Resources */ = {isa = PBXBuildFile; fileRef = 51CEE03B15BA128400C2CEE9 /* popoverArrowUp@2x.png */; };
		51CB75EB15BE68A70052E201 /* popoverArrowUpSimple.png in Resources */ = {isa = PBXBuildFile; fileRef = 51CEE03C15BA128400C2CEE9 /* popoverArrowUpSimple.png */; };
		51CB75EC15BE68A70052E201 /* popoverBg.png in Resources */ = {isa = PBXBuildFile; fileRef = 51CEE03D15BA128400C2CEE9 /* popoverBg.png */; };
		51CB75ED15BE68A70052E201 /* popoverBg@2x.png in Resources */ = {isa = PBXBuildFile; fileRef = 51CEE03E15BA128400C2CEE9 /* popoverBg@2x.png */; };
		51CB75EE15BE68A70052E201 /* popoverBgSimple.png in Resources */ = {isa = PBXBuildFile; fileRef = 51CEE03F15BA128400C2CEE9 /* popoverBgSimple.png */; };
		51CB75EF15BE68A70052E201 /* popoverArrowDown.png in Resources */ = {isa = PBXBuildFile; fileRef = 51CEE04015BA128400C2CEE9 /* popoverArrowDown.png */; };
		51CB75F015BE68A70052E201 /* popoverArrowDown@2x.png in Resources */ = {isa = PBXBuildFile; fileRef = 51CEE04115BA128400C2CEE9 /* popoverArrowDown@2x.png */; };
		51CB75F115BE68A70052E201 /* popoverArrowDownSimple.png in Resources */ = {isa = PBXBuildFile; fileRef = 51CEE04215BA128400C2CEE9 /* popoverArrowDownSimple.png */; };
		51CEE00C15BA125900C2CEE9 /* Foundation.framework in Frameworks */ = {isa = PBXBuildFile; fileRef = 51CEE00B15BA125900C2CEE9 /* Foundation.framework */; };
		51CEE01A15BA125A00C2CEE9 /* SenTestingKit.framework in Frameworks */ = {isa = PBXBuildFile; fileRef = 51CEE01915BA125A00C2CEE9 /* SenTestingKit.framework */; };
		51CEE01C15BA125A00C2CEE9 /* UIKit.framework in Frameworks */ = {isa = PBXBuildFile; fileRef = 51CEE01B15BA125A00C2CEE9 /* UIKit.framework */; };
		51CEE01D15BA125A00C2CEE9 /* Foundation.framework in Frameworks */ = {isa = PBXBuildFile; fileRef = 51CEE00B15BA125900C2CEE9 /* Foundation.framework */; };
		51CEE02015BA125A00C2CEE9 /* libWEPopover.a in Frameworks */ = {isa = PBXBuildFile; fileRef = 51CEE00815BA125900C2CEE9 /* libWEPopover.a */; };
		51CEE02615BA125A00C2CEE9 /* InfoPlist.strings in Resources */ = {isa = PBXBuildFile; fileRef = 51CEE02415BA125A00C2CEE9 /* InfoPlist.strings */; };
		51CEE02915BA125A00C2CEE9 /* WEPopoverTests.m in Sources */ = {isa = PBXBuildFile; fileRef = 51CEE02815BA125A00C2CEE9 /* WEPopoverTests.m */; };
		51CEE04C15BA129600C2CEE9 /* UIBarButtonItem+WEPopover.h in Headers */ = {isa = PBXBuildFile; fileRef = 51CEE04315BA129600C2CEE9 /* UIBarButtonItem+WEPopover.h */; };
		51CEE04D15BA129600C2CEE9 /* UIBarButtonItem+WEPopover.m in Sources */ = {isa = PBXBuildFile; fileRef = 51CEE04415BA129600C2CEE9 /* UIBarButtonItem+WEPopover.m */; };
		51CEE04E15BA129600C2CEE9 /* WEPopoverContainerView.h in Headers */ = {isa = PBXBuildFile; fileRef = 51CEE04515BA129600C2CEE9 /* WEPopoverContainerView.h */; };
		51CEE04F15BA129600C2CEE9 /* WEPopoverContainerView.m in Sources */ = {isa = PBXBuildFile; fileRef = 51CEE04615BA129600C2CEE9 /* WEPopoverContainerView.m */; };
		51CEE05015BA129600C2CEE9 /* WEPopoverController.h in Headers */ = {isa = PBXBuildFile; fileRef = 51CEE04715BA129600C2CEE9 /* WEPopoverController.h */; };
		51CEE05115BA129600C2CEE9 /* WEPopoverController.m in Sources */ = {isa = PBXBuildFile; fileRef = 51CEE04815BA129600C2CEE9 /* WEPopoverController.m */; };
		51CEE05215BA129600C2CEE9 /* WEPopoverParentView.h in Headers */ = {isa = PBXBuildFile; fileRef = 51CEE04915BA129600C2CEE9 /* WEPopoverParentView.h */; };
		51CEE05315BA129600C2CEE9 /* WETouchableView.h in Headers */ = {isa = PBXBuildFile; fileRef = 51CEE04A15BA129600C2CEE9 /* WETouchableView.h */; };
		51CEE05415BA129600C2CEE9 /* WETouchableView.m in Sources */ = {isa = PBXBuildFile; fileRef = 51CEE04B15BA129600C2CEE9 /* WETouchableView.m */; };
		51CEE07215BA13B100C2CEE9 /* UIKit.framework in Frameworks */ = {isa = PBXBuildFile; fileRef = 51CEE01B15BA125A00C2CEE9 /* UIKit.framework */; };
		51CEE07315BA13B100C2CEE9 /* Foundation.framework in Frameworks */ = {isa = PBXBuildFile; fileRef = 51CEE00B15BA125900C2CEE9 /* Foundation.framework */; };
		51CEE07515BA13B100C2CEE9 /* CoreGraphics.framework in Frameworks */ = {isa = PBXBuildFile; fileRef = 51CEE07415BA13B100C2CEE9 /* CoreGraphics.framework */; };
		51CEE07B15BA13B200C2CEE9 /* InfoPlist.strings in Resources */ = {isa = PBXBuildFile; fileRef = 51CEE07915BA13B200C2CEE9 /* InfoPlist.strings */; };
		51CEE07D15BA13B200C2CEE9 /* main.m in Sources */ = {isa = PBXBuildFile; fileRef = 51CEE07C15BA13B200C2CEE9 /* main.m */; };
		51CEE08815BA13B200C2CEE9 /* SenTestingKit.framework in Frameworks */ = {isa = PBXBuildFile; fileRef = 51CEE01915BA125A00C2CEE9 /* SenTestingKit.framework */; };
		51CEE08915BA13B200C2CEE9 /* UIKit.framework in Frameworks */ = {isa = PBXBuildFile; fileRef = 51CEE01B15BA125A00C2CEE9 /* UIKit.framework */; };
		51CEE08A15BA13B200C2CEE9 /* Foundation.framework in Frameworks */ = {isa = PBXBuildFile; fileRef = 51CEE00B15BA125900C2CEE9 /* Foundation.framework */; };
		51CEE09215BA13B200C2CEE9 /* InfoPlist.strings in Resources */ = {isa = PBXBuildFile; fileRef = 51CEE09015BA13B200C2CEE9 /* InfoPlist.strings */; };
		51CEE09515BA13B200C2CEE9 /* WEPopoverDemoTests.m in Sources */ = {isa = PBXBuildFile; fileRef = 51CEE09415BA13B200C2CEE9 /* WEPopoverDemoTests.m */; };
		51CEE0A015BA148B00C2CEE9 /* MainWindow.xib in Resources */ = {isa = PBXBuildFile; fileRef = 51CEE09E15BA148B00C2CEE9 /* MainWindow.xib */; };
		51CEE0A115BA148B00C2CEE9 /* WEPopoverViewController.xib in Resources */ = {isa = PBXBuildFile; fileRef = 51CEE09F15BA148B00C2CEE9 /* WEPopoverViewController.xib */; };
		51CEE0A915BA14C600C2CEE9 /* WEPopoverContentViewController.m in Sources */ = {isa = PBXBuildFile; fileRef = 51CEE0A415BA14C600C2CEE9 /* WEPopoverContentViewController.m */; };
		51CEE0AA15BA14C600C2CEE9 /* WEPopoverTableViewController.m in Sources */ = {isa = PBXBuildFile; fileRef = 51CEE0A615BA14C600C2CEE9 /* WEPopoverTableViewController.m */; };
		51CEE0AB15BA14C600C2CEE9 /* WEPopoverViewController.m in Sources */ = {isa = PBXBuildFile; fileRef = 51CEE0A815BA14C600C2CEE9 /* WEPopoverViewController.m */; };
		51CEE0AE15BA150F00C2CEE9 /* WEPopoverAppDelegate.m in Sources */ = {isa = PBXBuildFile; fileRef = 51CEE0AD15BA150F00C2CEE9 /* WEPopoverAppDelegate.m */; };
		51CEE0AF15BA153F00C2CEE9 /* libWEPopover.a in Frameworks */ = {isa = PBXBuildFile; fileRef = 51CEE00815BA125900C2CEE9 /* libWEPopover.a */; };
/* End PBXBuildFile section */

/* Begin PBXContainerItemProxy section */
		51CB75F215BE69400052E201 /* PBXContainerItemProxy */ = {
			isa = PBXContainerItemProxy;
			containerPortal = 51CEDFFF15BA125900C2CEE9 /* Project object */;
			proxyType = 1;
			remoteGlobalIDString = 51CB75D415BE68830052E201;
			remoteInfo = WEPopoverResources;
		};
		51CEE01E15BA125A00C2CEE9 /* PBXContainerItemProxy */ = {
			isa = PBXContainerItemProxy;
			containerPortal = 51CEDFFF15BA125900C2CEE9 /* Project object */;
			proxyType = 1;
			remoteGlobalIDString = 51CEE00715BA125900C2CEE9;
			remoteInfo = WEPopover;
		};
		51CEE08B15BA13B200C2CEE9 /* PBXContainerItemProxy */ = {
			isa = PBXContainerItemProxy;
			containerPortal = 51CEDFFF15BA125900C2CEE9 /* Project object */;
			proxyType = 1;
			remoteGlobalIDString = 51CEE06F15BA13B100C2CEE9;
			remoteInfo = WEPopoverDemo;
		};
		51CEE0B115BA164500C2CEE9 /* PBXContainerItemProxy */ = {
			isa = PBXContainerItemProxy;
			containerPortal = 51CEDFFF15BA125900C2CEE9 /* Project object */;
			proxyType = 1;
			remoteGlobalIDString = 51CEE00715BA125900C2CEE9;
			remoteInfo = WEPopover;
		};
/* End PBXContainerItemProxy section */

/* Begin PBXFileReference section */
		51CB75D515BE68830052E201 /* WEPopoverResources.bundle */ = {isa = PBXFileReference; explicitFileType = wrapper.cfbundle; includeInIndex = 0; path = WEPopoverResources.bundle; sourceTree = BUILT_PRODUCTS_DIR; };
		51CB75D615BE68830052E201 /* CoreFoundation.framework */ = {isa = PBXFileReference; lastKnownFileType = wrapper.framework; name = CoreFoundation.framework; path = System/Library/Frameworks/CoreFoundation.framework; sourceTree = SDKROOT; };
		51CEE00815BA125900C2CEE9 /* libWEPopover.a */ = {isa = PBXFileReference; explicitFileType = archive.ar; includeInIndex = 0; path = libWEPopover.a; sourceTree = BUILT_PRODUCTS_DIR; };
		51CEE00B15BA125900C2CEE9 /* Foundation.framework */ = {isa = PBXFileReference; lastKnownFileType = wrapper.framework; name = Foundation.framework; path = System/Library/Frameworks/Foundation.framework; sourceTree = SDKROOT; };
		51CEE00F15BA125900C2CEE9 /* WEPopover-Prefix.pch */ = {isa = PBXFileReference; lastKnownFileType = sourcecode.c.h; path = "WEPopover-Prefix.pch"; sourceTree = "<group>"; };
		51CEE01815BA125A00C2CEE9 /* WEPopoverTests.octest */ = {isa = PBXFileReference; explicitFileType = wrapper.cfbundle; includeInIndex = 0; path = WEPopoverTests.octest; sourceTree = BUILT_PRODUCTS_DIR; };
		51CEE01915BA125A00C2CEE9 /* SenTestingKit.framework */ = {isa = PBXFileReference; lastKnownFileType = wrapper.framework; name = SenTestingKit.framework; path = Library/Frameworks/SenTestingKit.framework; sourceTree = DEVELOPER_DIR; };
		51CEE01B15BA125A00C2CEE9 /* UIKit.framework */ = {isa = PBXFileReference; lastKnownFileType = wrapper.framework; name = UIKit.framework; path = Library/Frameworks/UIKit.framework; sourceTree = DEVELOPER_DIR; };
		51CEE02315BA125A00C2CEE9 /* WEPopoverTests-Info.plist */ = {isa = PBXFileReference; lastKnownFileType = text.plist.xml; path = "WEPopoverTests-Info.plist"; sourceTree = "<group>"; };
		51CEE02515BA125A00C2CEE9 /* en */ = {isa = PBXFileReference; lastKnownFileType = text.plist.strings; name = en; path = en.lproj/InfoPlist.strings; sourceTree = "<group>"; };
		51CEE02715BA125A00C2CEE9 /* WEPopoverTests.h */ = {isa = PBXFileReference; lastKnownFileType = sourcecode.c.h; path = WEPopoverTests.h; sourceTree = "<group>"; };
		51CEE02815BA125A00C2CEE9 /* WEPopoverTests.m */ = {isa = PBXFileReference; lastKnownFileType = sourcecode.c.objc; path = WEPopoverTests.m; sourceTree = "<group>"; };
		51CEE03415BA128400C2CEE9 /* popoverArrowLeft.png */ = {isa = PBXFileReference; lastKnownFileType = image.png; path = popoverArrowLeft.png; sourceTree = "<group>"; };
		51CEE03515BA128400C2CEE9 /* popoverArrowLeft@2x.png */ = {isa = PBXFileReference; lastKnownFileType = image.png; path = "popoverArrowLeft@2x.png"; sourceTree = "<group>"; };
		51CEE03615BA128400C2CEE9 /* popoverArrowLeftSimple.png */ = {isa = PBXFileReference; lastKnownFileType = image.png; path = popoverArrowLeftSimple.png; sourceTree = "<group>"; };
		51CEE03715BA128400C2CEE9 /* popoverArrowRight.png */ = {isa = PBXFileReference; lastKnownFileType = image.png; path = popoverArrowRight.png; sourceTree = "<group>"; };
		51CEE03815BA128400C2CEE9 /* popoverArrowRight@2x.png */ = {isa = PBXFileReference; lastKnownFileType = image.png; path = "popoverArrowRight@2x.png"; sourceTree = "<group>"; };
		51CEE03915BA128400C2CEE9 /* popoverArrowRightSimple.png */ = {isa = PBXFileReference; lastKnownFileType = image.png; path = popoverArrowRightSimple.png; sourceTree = "<group>"; };
		51CEE03A15BA128400C2CEE9 /* popoverArrowUp.png */ = {isa = PBXFileReference; lastKnownFileType = image.png; path = popoverArrowUp.png; sourceTree = "<group>"; };
		51CEE03B15BA128400C2CEE9 /* popoverArrowUp@2x.png */ = {isa = PBXFileReference; lastKnownFileType = image.png; path = "popoverArrowUp@2x.png"; sourceTree = "<group>"; };
		51CEE03C15BA128400C2CEE9 /* popoverArrowUpSimple.png */ = {isa = PBXFileReference; lastKnownFileType = image.png; path = popoverArrowUpSimple.png; sourceTree = "<group>"; };
		51CEE03D15BA128400C2CEE9 /* popoverBg.png */ = {isa = PBXFileReference; lastKnownFileType = image.png; path = popoverBg.png; sourceTree = "<group>"; };
		51CEE03E15BA128400C2CEE9 /* popoverBg@2x.png */ = {isa = PBXFileReference; lastKnownFileType = image.png; path = "popoverBg@2x.png"; sourceTree = "<group>"; };
		51CEE03F15BA128400C2CEE9 /* popoverBgSimple.png */ = {isa = PBXFileReference; lastKnownFileType = image.png; path = popoverBgSimple.png; sourceTree = "<group>"; };
		51CEE04015BA128400C2CEE9 /* popoverArrowDown.png */ = {isa = PBXFileReference; lastKnownFileType = image.png; path = popoverArrowDown.png; sourceTree = "<group>"; };
		51CEE04115BA128400C2CEE9 /* popoverArrowDown@2x.png */ = {isa = PBXFileReference; lastKnownFileType = image.png; path = "popoverArrowDown@2x.png"; sourceTree = "<group>"; };
		51CEE04215BA128400C2CEE9 /* popoverArrowDownSimple.png */ = {isa = PBXFileReference; lastKnownFileType = image.png; path = popoverArrowDownSimple.png; sourceTree = "<group>"; };
		51CEE04315BA129600C2CEE9 /* UIBarButtonItem+WEPopover.h */ = {isa = PBXFileReference; fileEncoding = 4; lastKnownFileType = sourcecode.c.h; path = "UIBarButtonItem+WEPopover.h"; sourceTree = "<group>"; };
		51CEE04415BA129600C2CEE9 /* UIBarButtonItem+WEPopover.m */ = {isa = PBXFileReference; fileEncoding = 4; lastKnownFileType = sourcecode.c.objc; path = "UIBarButtonItem+WEPopover.m"; sourceTree = "<group>"; };
		51CEE04515BA129600C2CEE9 /* WEPopoverContainerView.h */ = {isa = PBXFileReference; fileEncoding = 4; lastKnownFileType = sourcecode.c.h; path = WEPopoverContainerView.h; sourceTree = "<group>"; };
		51CEE04615BA129600C2CEE9 /* WEPopoverContainerView.m */ = {isa = PBXFileReference; fileEncoding = 4; lastKnownFileType = sourcecode.c.objc; path = WEPopoverContainerView.m; sourceTree = "<group>"; };
		51CEE04715BA129600C2CEE9 /* WEPopoverController.h */ = {isa = PBXFileReference; fileEncoding = 4; lastKnownFileType = sourcecode.c.h; path = WEPopoverController.h; sourceTree = "<group>"; };
		51CEE04815BA129600C2CEE9 /* WEPopoverController.m */ = {isa = PBXFileReference; fileEncoding = 4; lastKnownFileType = sourcecode.c.objc; path = WEPopoverController.m; sourceTree = "<group>"; };
		51CEE04915BA129600C2CEE9 /* WEPopoverParentView.h */ = {isa = PBXFileReference; fileEncoding = 4; lastKnownFileType = sourcecode.c.h; path = WEPopoverParentView.h; sourceTree = "<group>"; };
		51CEE04A15BA129600C2CEE9 /* WETouchableView.h */ = {isa = PBXFileReference; fileEncoding = 4; lastKnownFileType = sourcecode.c.h; path = WETouchableView.h; sourceTree = "<group>"; };
		51CEE04B15BA129600C2CEE9 /* WETouchableView.m */ = {isa = PBXFileReference; fileEncoding = 4; lastKnownFileType = sourcecode.c.objc; path = WETouchableView.m; sourceTree = "<group>"; };
		51CEE07015BA13B100C2CEE9 /* WEPopoverDemo.app */ = {isa = PBXFileReference; explicitFileType = wrapper.application; includeInIndex = 0; path = WEPopoverDemo.app; sourceTree = BUILT_PRODUCTS_DIR; };
		51CEE07415BA13B100C2CEE9 /* CoreGraphics.framework */ = {isa = PBXFileReference; lastKnownFileType = wrapper.framework; name = CoreGraphics.framework; path = System/Library/Frameworks/CoreGraphics.framework; sourceTree = SDKROOT; };
		51CEE07815BA13B200C2CEE9 /* WEPopoverDemo-Info.plist */ = {isa = PBXFileReference; lastKnownFileType = text.plist.xml; path = "WEPopoverDemo-Info.plist"; sourceTree = "<group>"; };
		51CEE07A15BA13B200C2CEE9 /* en */ = {isa = PBXFileReference; lastKnownFileType = text.plist.strings; name = en; path = en.lproj/InfoPlist.strings; sourceTree = "<group>"; };
		51CEE07C15BA13B200C2CEE9 /* main.m */ = {isa = PBXFileReference; lastKnownFileType = sourcecode.c.objc; path = main.m; sourceTree = "<group>"; };
		51CEE07E15BA13B200C2CEE9 /* WEPopoverDemo-Prefix.pch */ = {isa = PBXFileReference; lastKnownFileType = sourcecode.c.h; path = "WEPopoverDemo-Prefix.pch"; sourceTree = "<group>"; };
		51CEE08715BA13B200C2CEE9 /* WEPopoverDemoTests.octest */ = {isa = PBXFileReference; explicitFileType = wrapper.cfbundle; includeInIndex = 0; path = WEPopoverDemoTests.octest; sourceTree = BUILT_PRODUCTS_DIR; };
		51CEE08F15BA13B200C2CEE9 /* WEPopoverDemoTests-Info.plist */ = {isa = PBXFileReference; lastKnownFileType = text.plist.xml; path = "WEPopoverDemoTests-Info.plist"; sourceTree = "<group>"; };
		51CEE09115BA13B200C2CEE9 /* en */ = {isa = PBXFileReference; lastKnownFileType = text.plist.strings; name = en; path = en.lproj/InfoPlist.strings; sourceTree = "<group>"; };
		51CEE09315BA13B200C2CEE9 /* WEPopoverDemoTests.h */ = {isa = PBXFileReference; lastKnownFileType = sourcecode.c.h; path = WEPopoverDemoTests.h; sourceTree = "<group>"; };
		51CEE09415BA13B200C2CEE9 /* WEPopoverDemoTests.m */ = {isa = PBXFileReference; lastKnownFileType = sourcecode.c.objc; path = WEPopoverDemoTests.m; sourceTree = "<group>"; };
		51CEE09E15BA148B00C2CEE9 /* MainWindow.xib */ = {isa = PBXFileReference; fileEncoding = 4; lastKnownFileType = file.xib; path = MainWindow.xib; sourceTree = "<group>"; };
		51CEE09F15BA148B00C2CEE9 /* WEPopoverViewController.xib */ = {isa = PBXFileReference; fileEncoding = 4; lastKnownFileType = file.xib; path = WEPopoverViewController.xib; sourceTree = "<group>"; };
		51CEE0A315BA14C600C2CEE9 /* WEPopoverContentViewController.h */ = {isa = PBXFileReference; fileEncoding = 4; lastKnownFileType = sourcecode.c.h; path = WEPopoverContentViewController.h; sourceTree = "<group>"; };
		51CEE0A415BA14C600C2CEE9 /* WEPopoverContentViewController.m */ = {isa = PBXFileReference; fileEncoding = 4; lastKnownFileType = sourcecode.c.objc; path = WEPopoverContentViewController.m; sourceTree = "<group>"; };
		51CEE0A515BA14C600C2CEE9 /* WEPopoverTableViewController.h */ = {isa = PBXFileReference; fileEncoding = 4; lastKnownFileType = sourcecode.c.h; path = WEPopoverTableViewController.h; sourceTree = "<group>"; };
		51CEE0A615BA14C600C2CEE9 /* WEPopoverTableViewController.m */ = {isa = PBXFileReference; fileEncoding = 4; lastKnownFileType = sourcecode.c.objc; path = WEPopoverTableViewController.m; sourceTree = "<group>"; };
		51CEE0A715BA14C600C2CEE9 /* WEPopoverViewController.h */ = {isa = PBXFileReference; fileEncoding = 4; lastKnownFileType = sourcecode.c.h; path = WEPopoverViewController.h; sourceTree = "<group>"; };
		51CEE0A815BA14C600C2CEE9 /* WEPopoverViewController.m */ = {isa = PBXFileReference; fileEncoding = 4; lastKnownFileType = sourcecode.c.objc; path = WEPopoverViewController.m; sourceTree = "<group>"; };
		51CEE0AC15BA150F00C2CEE9 /* WEPopoverAppDelegate.h */ = {isa = PBXFileReference; fileEncoding = 4; lastKnownFileType = sourcecode.c.h; path = WEPopoverAppDelegate.h; sourceTree = "<group>"; };
		51CEE0AD15BA150F00C2CEE9 /* WEPopoverAppDelegate.m */ = {isa = PBXFileReference; fileEncoding = 4; lastKnownFileType = sourcecode.c.objc; path = WEPopoverAppDelegate.m; sourceTree = "<group>"; };
/* End PBXFileReference section */

/* Begin PBXFrameworksBuildPhase section */
		51CEE00515BA125900C2CEE9 /* Frameworks */ = {
			isa = PBXFrameworksBuildPhase;
			buildActionMask = 2147483647;
			files = (
				51CEE00C15BA125900C2CEE9 /* Foundation.framework in Frameworks */,
			);
			runOnlyForDeploymentPostprocessing = 0;
		};
		51CEE01415BA125A00C2CEE9 /* Frameworks */ = {
			isa = PBXFrameworksBuildPhase;
			buildActionMask = 2147483647;
			files = (
				51CEE01A15BA125A00C2CEE9 /* SenTestingKit.framework in Frameworks */,
				51CEE01C15BA125A00C2CEE9 /* UIKit.framework in Frameworks */,
				51CEE01D15BA125A00C2CEE9 /* Foundation.framework in Frameworks */,
				51CEE02015BA125A00C2CEE9 /* libWEPopover.a in Frameworks */,
			);
			runOnlyForDeploymentPostprocessing = 0;
		};
		51CEE06D15BA13B100C2CEE9 /* Frameworks */ = {
			isa = PBXFrameworksBuildPhase;
			buildActionMask = 2147483647;
			files = (
				51CEE0AF15BA153F00C2CEE9 /* libWEPopover.a in Frameworks */,
				51CEE07215BA13B100C2CEE9 /* UIKit.framework in Frameworks */,
				51CEE07315BA13B100C2CEE9 /* Foundation.framework in Frameworks */,
				51CEE07515BA13B100C2CEE9 /* CoreGraphics.framework in Frameworks */,
			);
			runOnlyForDeploymentPostprocessing = 0;
		};
		51CEE08315BA13B200C2CEE9 /* Frameworks */ = {
			isa = PBXFrameworksBuildPhase;
			buildActionMask = 2147483647;
			files = (
				51CEE08815BA13B200C2CEE9 /* SenTestingKit.framework in Frameworks */,
				51CEE08915BA13B200C2CEE9 /* UIKit.framework in Frameworks */,
				51CEE08A15BA13B200C2CEE9 /* Foundation.framework in Frameworks */,
			);
			runOnlyForDeploymentPostprocessing = 0;
		};
/* End PBXFrameworksBuildPhase section */

/* Begin PBXGroup section */
		51CEDFFD15BA125900C2CEE9 = {
			isa = PBXGroup;
			children = (
				51CEE00D15BA125900C2CEE9 /* WEPopover */,
				51CEE02115BA125A00C2CEE9 /* WEPopoverTests */,
				51CEE07615BA13B100C2CEE9 /* WEPopoverDemo */,
				51CEE08D15BA13B200C2CEE9 /* WEPopoverDemoTests */,
				51CEE00A15BA125900C2CEE9 /* Frameworks */,
				51CEE00915BA125900C2CEE9 /* Products */,
			);
			sourceTree = "<group>";
		};
		51CEE00915BA125900C2CEE9 /* Products */ = {
			isa = PBXGroup;
			children = (
				51CEE00815BA125900C2CEE9 /* libWEPopover.a */,
				51CEE01815BA125A00C2CEE9 /* WEPopoverTests.octest */,
				51CEE07015BA13B100C2CEE9 /* WEPopoverDemo.app */,
				51CEE08715BA13B200C2CEE9 /* WEPopoverDemoTests.octest */,
				51CB75D515BE68830052E201 /* WEPopoverResources.bundle */,
			);
			name = Products;
			sourceTree = "<group>";
		};
		51CEE00A15BA125900C2CEE9 /* Frameworks */ = {
			isa = PBXGroup;
			children = (
				51CEE00B15BA125900C2CEE9 /* Foundation.framework */,
				51CEE01915BA125A00C2CEE9 /* SenTestingKit.framework */,
				51CEE01B15BA125A00C2CEE9 /* UIKit.framework */,
				51CEE07415BA13B100C2CEE9 /* CoreGraphics.framework */,
				51CB75D615BE68830052E201 /* CoreFoundation.framework */,
			);
			name = Frameworks;
			sourceTree = "<group>";
		};
		51CEE00D15BA125900C2CEE9 /* WEPopover */ = {
			isa = PBXGroup;
			children = (
				51CEE03215BA127100C2CEE9 /* Classes */,
				51CEE03315BA127100C2CEE9 /* Resources */,
				51CEE00E15BA125900C2CEE9 /* Supporting Files */,
			);
			path = WEPopover;
			sourceTree = "<group>";
		};
		51CEE00E15BA125900C2CEE9 /* Supporting Files */ = {
			isa = PBXGroup;
			children = (
				51CEE00F15BA125900C2CEE9 /* WEPopover-Prefix.pch */,
			);
			name = "Supporting Files";
			sourceTree = "<group>";
		};
		51CEE02115BA125A00C2CEE9 /* WEPopoverTests */ = {
			isa = PBXGroup;
			children = (
				51CEE02715BA125A00C2CEE9 /* WEPopoverTests.h */,
				51CEE02815BA125A00C2CEE9 /* WEPopoverTests.m */,
				51CEE02215BA125A00C2CEE9 /* Supporting Files */,
			);
			path = WEPopoverTests;
			sourceTree = "<group>";
		};
		51CEE02215BA125A00C2CEE9 /* Supporting Files */ = {
			isa = PBXGroup;
			children = (
				51CEE02315BA125A00C2CEE9 /* WEPopoverTests-Info.plist */,
				51CEE02415BA125A00C2CEE9 /* InfoPlist.strings */,
			);
			name = "Supporting Files";
			sourceTree = "<group>";
		};
		51CEE03215BA127100C2CEE9 /* Classes */ = {
			isa = PBXGroup;
			children = (
				51CEE04315BA129600C2CEE9 /* UIBarButtonItem+WEPopover.h */,
				51CEE04415BA129600C2CEE9 /* UIBarButtonItem+WEPopover.m */,
				51CEE04515BA129600C2CEE9 /* WEPopoverContainerView.h */,
				51CEE04615BA129600C2CEE9 /* WEPopoverContainerView.m */,
				51CEE04715BA129600C2CEE9 /* WEPopoverController.h */,
				51CEE04815BA129600C2CEE9 /* WEPopoverController.m */,
				51CEE04915BA129600C2CEE9 /* WEPopoverParentView.h */,
				51CEE04A15BA129600C2CEE9 /* WETouchableView.h */,
				51CEE04B15BA129600C2CEE9 /* WETouchableView.m */,
			);
			path = Classes;
			sourceTree = "<group>";
		};
		51CEE03315BA127100C2CEE9 /* Resources */ = {
			isa = PBXGroup;
			children = (
				51CEE03415BA128400C2CEE9 /* popoverArrowLeft.png */,
				51CEE03515BA128400C2CEE9 /* popoverArrowLeft@2x.png */,
				51CEE03615BA128400C2CEE9 /* popoverArrowLeftSimple.png */,
				51CEE03715BA128400C2CEE9 /* popoverArrowRight.png */,
				51CEE03815BA128400C2CEE9 /* popoverArrowRight@2x.png */,
				51CEE03915BA128400C2CEE9 /* popoverArrowRightSimple.png */,
				51CEE03A15BA128400C2CEE9 /* popoverArrowUp.png */,
				51CEE03B15BA128400C2CEE9 /* popoverArrowUp@2x.png */,
				51CEE03C15BA128400C2CEE9 /* popoverArrowUpSimple.png */,
				51CEE03D15BA128400C2CEE9 /* popoverBg.png */,
				51CEE03E15BA128400C2CEE9 /* popoverBg@2x.png */,
				51CEE03F15BA128400C2CEE9 /* popoverBgSimple.png */,
				51CEE04015BA128400C2CEE9 /* popoverArrowDown.png */,
				51CEE04115BA128400C2CEE9 /* popoverArrowDown@2x.png */,
				51CEE04215BA128400C2CEE9 /* popoverArrowDownSimple.png */,
			);
			path = Resources;
			sourceTree = "<group>";
		};
		51CEE07615BA13B100C2CEE9 /* WEPopoverDemo */ = {
			isa = PBXGroup;
			children = (
				51CEE09C15BA13CB00C2CEE9 /* Classes */,
				51CEE0A215BA14BB00C2CEE9 /* Controllers */,
				51CEE09D15BA140C00C2CEE9 /* Resources */,
				51CEE0AC15BA150F00C2CEE9 /* WEPopoverAppDelegate.h */,
				51CEE0AD15BA150F00C2CEE9 /* WEPopoverAppDelegate.m */,
				51CEE07715BA13B200C2CEE9 /* Supporting Files */,
			);
			path = WEPopoverDemo;
			sourceTree = "<group>";
		};
		51CEE07715BA13B200C2CEE9 /* Supporting Files */ = {
			isa = PBXGroup;
			children = (
				51CEE07815BA13B200C2CEE9 /* WEPopoverDemo-Info.plist */,
				51CEE07915BA13B200C2CEE9 /* InfoPlist.strings */,
				51CEE07C15BA13B200C2CEE9 /* main.m */,
				51CEE07E15BA13B200C2CEE9 /* WEPopoverDemo-Prefix.pch */,
			);
			name = "Supporting Files";
			sourceTree = "<group>";
		};
		51CEE08D15BA13B200C2CEE9 /* WEPopoverDemoTests */ = {
			isa = PBXGroup;
			children = (
				51CEE09315BA13B200C2CEE9 /* WEPopoverDemoTests.h */,
				51CEE09415BA13B200C2CEE9 /* WEPopoverDemoTests.m */,
				51CEE08E15BA13B200C2CEE9 /* Supporting Files */,
			);
			path = WEPopoverDemoTests;
			sourceTree = "<group>";
		};
		51CEE08E15BA13B200C2CEE9 /* Supporting Files */ = {
			isa = PBXGroup;
			children = (
				51CEE08F15BA13B200C2CEE9 /* WEPopoverDemoTests-Info.plist */,
				51CEE09015BA13B200C2CEE9 /* InfoPlist.strings */,
			);
			name = "Supporting Files";
			sourceTree = "<group>";
		};
		51CEE09C15BA13CB00C2CEE9 /* Classes */ = {
			isa = PBXGroup;
			children = (
			);
			path = Classes;
			sourceTree = "<group>";
		};
		51CEE09D15BA140C00C2CEE9 /* Resources */ = {
			isa = PBXGroup;
			children = (
				51CEE09E15BA148B00C2CEE9 /* MainWindow.xib */,
				51CEE09F15BA148B00C2CEE9 /* WEPopoverViewController.xib */,
			);
			path = Resources;
			sourceTree = "<group>";
		};
		51CEE0A215BA14BB00C2CEE9 /* Controllers */ = {
			isa = PBXGroup;
			children = (
				51CEE0A315BA14C600C2CEE9 /* WEPopoverContentViewController.h */,
				51CEE0A415BA14C600C2CEE9 /* WEPopoverContentViewController.m */,
				51CEE0A515BA14C600C2CEE9 /* WEPopoverTableViewController.h */,
				51CEE0A615BA14C600C2CEE9 /* WEPopoverTableViewController.m */,
				51CEE0A715BA14C600C2CEE9 /* WEPopoverViewController.h */,
				51CEE0A815BA14C600C2CEE9 /* WEPopoverViewController.m */,
			);
			path = Controllers;
			sourceTree = "<group>";
		};
/* End PBXGroup section */

/* Begin PBXHeadersBuildPhase section */
		51CEE00615BA125900C2CEE9 /* Headers */ = {
			isa = PBXHeadersBuildPhase;
			buildActionMask = 2147483647;
			files = (
				51CEE04C15BA129600C2CEE9 /* UIBarButtonItem+WEPopover.h in Headers */,
				51CEE04E15BA129600C2CEE9 /* WEPopoverContainerView.h in Headers */,
				51CEE05015BA129600C2CEE9 /* WEPopoverController.h in Headers */,
				51CEE05215BA129600C2CEE9 /* WEPopoverParentView.h in Headers */,
				51CEE05315BA129600C2CEE9 /* WETouchableView.h in Headers */,
			);
			runOnlyForDeploymentPostprocessing = 0;
		};
/* End PBXHeadersBuildPhase section */

/* Begin PBXNativeTarget section */
		51CB75D415BE68830052E201 /* WEPopoverResources */ = {
			isa = PBXNativeTarget;
			buildConfigurationList = 51CB75E115BE68830052E201 /* Build configuration list for PBXNativeTarget "WEPopoverResources" */;
			buildPhases = (
				51CB75D315BE68830052E201 /* Resources */,
			);
			buildRules = (
			);
			dependencies = (
			);
			name = WEPopoverResources;
			productName = WEPopoverResources;
			productReference = 51CB75D515BE68830052E201 /* WEPopoverResources.bundle */;
			productType = "com.apple.product-type.bundle";
		};
		51CEE00715BA125900C2CEE9 /* WEPopover */ = {
			isa = PBXNativeTarget;
			buildConfigurationList = 51CEE02C15BA125A00C2CEE9 /* Build configuration list for PBXNativeTarget "WEPopover" */;
			buildPhases = (
				51CEE00415BA125900C2CEE9 /* Sources */,
				51CEE00515BA125900C2CEE9 /* Frameworks */,
				51CEE00615BA125900C2CEE9 /* Headers */,
			);
			buildRules = (
			);
			dependencies = (
				51CB75F315BE69400052E201 /* PBXTargetDependency */,
			);
			name = WEPopover;
			productName = WEPopover;
			productReference = 51CEE00815BA125900C2CEE9 /* libWEPopover.a */;
			productType = "com.apple.product-type.library.static";
		};
		51CEE01715BA125A00C2CEE9 /* WEPopoverTests */ = {
			isa = PBXNativeTarget;
			buildConfigurationList = 51CEE02F15BA125A00C2CEE9 /* Build configuration list for PBXNativeTarget "WEPopoverTests" */;
			buildPhases = (
				51CEE01315BA125A00C2CEE9 /* Sources */,
				51CEE01415BA125A00C2CEE9 /* Frameworks */,
				51CEE01515BA125A00C2CEE9 /* Resources */,
				51CEE01615BA125A00C2CEE9 /* ShellScript */,
			);
			buildRules = (
			);
			dependencies = (
				51CEE01F15BA125A00C2CEE9 /* PBXTargetDependency */,
			);
			name = WEPopoverTests;
			productName = WEPopoverTests;
			productReference = 51CEE01815BA125A00C2CEE9 /* WEPopoverTests.octest */;
			productType = "com.apple.product-type.bundle";
		};
		51CEE06F15BA13B100C2CEE9 /* WEPopoverDemo */ = {
			isa = PBXNativeTarget;
			buildConfigurationList = 51CEE09615BA13B200C2CEE9 /* Build configuration list for PBXNativeTarget "WEPopoverDemo" */;
			buildPhases = (
				51CEE0B015BA15E600C2CEE9 /* ShellScript */,
				51CEE06C15BA13B100C2CEE9 /* Sources */,
				51CEE06D15BA13B100C2CEE9 /* Frameworks */,
				51CEE06E15BA13B100C2CEE9 /* Resources */,
			);
			buildRules = (
			);
			dependencies = (
				51CEE0B215BA164500C2CEE9 /* PBXTargetDependency */,
			);
			name = WEPopoverDemo;
			productName = WEPopoverDemo;
			productReference = 51CEE07015BA13B100C2CEE9 /* WEPopoverDemo.app */;
			productType = "com.apple.product-type.application";
		};
		51CEE08615BA13B200C2CEE9 /* WEPopoverDemoTests */ = {
			isa = PBXNativeTarget;
			buildConfigurationList = 51CEE09915BA13B200C2CEE9 /* Build configuration list for PBXNativeTarget "WEPopoverDemoTests" */;
			buildPhases = (
				51CEE08215BA13B200C2CEE9 /* Sources */,
				51CEE08315BA13B200C2CEE9 /* Frameworks */,
				51CEE08415BA13B200C2CEE9 /* Resources */,
				51CEE08515BA13B200C2CEE9 /* ShellScript */,
			);
			buildRules = (
			);
			dependencies = (
				51CEE08C15BA13B200C2CEE9 /* PBXTargetDependency */,
			);
			name = WEPopoverDemoTests;
			productName = WEPopoverDemoTests;
			productReference = 51CEE08715BA13B200C2CEE9 /* WEPopoverDemoTests.octest */;
			productType = "com.apple.product-type.bundle";
		};
/* End PBXNativeTarget section */

/* Begin PBXProject section */
		51CEDFFF15BA125900C2CEE9 /* Project object */ = {
			isa = PBXProject;
			attributes = {
				LastUpgradeCheck = 0430;
			};
			buildConfigurationList = 51CEE00215BA125900C2CEE9 /* Build configuration list for PBXProject "WEPopover" */;
			compatibilityVersion = "Xcode 3.2";
			developmentRegion = English;
			hasScannedForEncodings = 0;
			knownRegions = (
				en,
			);
			mainGroup = 51CEDFFD15BA125900C2CEE9;
			productRefGroup = 51CEE00915BA125900C2CEE9 /* Products */;
			projectDirPath = "";
			projectRoot = "";
			targets = (
				51CEE00715BA125900C2CEE9 /* WEPopover */,
				51CEE01715BA125A00C2CEE9 /* WEPopoverTests */,
				51CB75D415BE68830052E201 /* WEPopoverResources */,
				51CEE06F15BA13B100C2CEE9 /* WEPopoverDemo */,
				51CEE08615BA13B200C2CEE9 /* WEPopoverDemoTests */,
			);
		};
/* End PBXProject section */

/* Begin PBXResourcesBuildPhase section */
		51CB75D315BE68830052E201 /* Resources */ = {
			isa = PBXResourcesBuildPhase;
			buildActionMask = 2147483647;
			files = (
				51CB75E315BE68A70052E201 /* popoverArrowLeft.png in Resources */,
				51CB75E415BE68A70052E201 /* popoverArrowLeft@2x.png in Resources */,
				51CB75E515BE68A70052E201 /* popoverArrowLeftSimple.png in Resources */,
				51CB75E615BE68A70052E201 /* popoverArrowRight.png in Resources */,
				51CB75E715BE68A70052E201 /* popoverArrowRight@2x.png in Resources */,
				51CB75E815BE68A70052E201 /* popoverArrowRightSimple.png in Resources */,
				51CB75E915BE68A70052E201 /* popoverArrowUp.png in Resources */,
				51CB75EA15BE68A70052E201 /* popoverArrowUp@2x.png in Resources */,
				51CB75EB15BE68A70052E201 /* popoverArrowUpSimple.png in Resources */,
				51CB75EC15BE68A70052E201 /* popoverBg.png in Resources */,
				51CB75ED15BE68A70052E201 /* popoverBg@2x.png in Resources */,
				51CB75EE15BE68A70052E201 /* popoverBgSimple.png in Resources */,
				51CB75EF15BE68A70052E201 /* popoverArrowDown.png in Resources */,
				51CB75F015BE68A70052E201 /* popoverArrowDown@2x.png in Resources */,
				51CB75F115BE68A70052E201 /* popoverArrowDownSimple.png in Resources */,
			);
			runOnlyForDeploymentPostprocessing = 0;
		};
		51CEE01515BA125A00C2CEE9 /* Resources */ = {
			isa = PBXResourcesBuildPhase;
			buildActionMask = 2147483647;
			files = (
				51CEE02615BA125A00C2CEE9 /* InfoPlist.strings in Resources */,
			);
			runOnlyForDeploymentPostprocessing = 0;
		};
		51CEE06E15BA13B100C2CEE9 /* Resources */ = {
			isa = PBXResourcesBuildPhase;
			buildActionMask = 2147483647;
			files = (
				51CEE07B15BA13B200C2CEE9 /* InfoPlist.strings in Resources */,
				51CEE0A015BA148B00C2CEE9 /* MainWindow.xib in Resources */,
				51CEE0A115BA148B00C2CEE9 /* WEPopoverViewController.xib in Resources */,
			);
			runOnlyForDeploymentPostprocessing = 0;
		};
		51CEE08415BA13B200C2CEE9 /* Resources */ = {
			isa = PBXResourcesBuildPhase;
			buildActionMask = 2147483647;
			files = (
				51CEE09215BA13B200C2CEE9 /* InfoPlist.strings in Resources */,
			);
			runOnlyForDeploymentPostprocessing = 0;
		};
/* End PBXResourcesBuildPhase section */

/* Begin PBXShellScriptBuildPhase section */
		51CEE01615BA125A00C2CEE9 /* ShellScript */ = {
			isa = PBXShellScriptBuildPhase;
			buildActionMask = 2147483647;
			files = (
			);
			inputPaths = (
			);
			outputPaths = (
			);
			runOnlyForDeploymentPostprocessing = 0;
			shellPath = /bin/sh;
			shellScript = "# Run the unit tests in this test bundle.\n\"${SYSTEM_DEVELOPER_DIR}/Tools/RunUnitTests\"\n";
		};
		51CEE08515BA13B200C2CEE9 /* ShellScript */ = {
			isa = PBXShellScriptBuildPhase;
			buildActionMask = 2147483647;
			files = (
			);
			inputPaths = (
			);
			outputPaths = (
			);
			runOnlyForDeploymentPostprocessing = 0;
			shellPath = /bin/sh;
			shellScript = "# Run the unit tests in this test bundle.\n\"${SYSTEM_DEVELOPER_DIR}/Tools/RunUnitTests\"\n";
		};
		51CEE0B015BA15E600C2CEE9 /* ShellScript */ = {
			isa = PBXShellScriptBuildPhase;
			buildActionMask = 2147483647;
			files = (
			);
			inputPaths = (
				"$(SRCROOT)/Build/WEPopoverResources.bundle",
			);
			outputPaths = (
			);
			runOnlyForDeploymentPostprocessing = 0;
			shellPath = /bin/sh;
			shellScript = "for ((i=0; i < SCRIPT_INPUT_FILE_COUNT ; i++)) ; do\ninputFile=`eval echo '$SCRIPT_INPUT_FILE_'$i`\nif [ -e $inputFile ] ; then\ncp -a \"$inputFile/\" \"${BUILT_PRODUCTS_DIR}/${PRODUCT_NAME}.app/\"\nfi\ndone";
		};
/* End PBXShellScriptBuildPhase section */

/* Begin PBXSourcesBuildPhase section */
		51CEE00415BA125900C2CEE9 /* Sources */ = {
			isa = PBXSourcesBuildPhase;
			buildActionMask = 2147483647;
			files = (
				51CEE04D15BA129600C2CEE9 /* UIBarButtonItem+WEPopover.m in Sources */,
				51CEE04F15BA129600C2CEE9 /* WEPopoverContainerView.m in Sources */,
				51CEE05115BA129600C2CEE9 /* WEPopoverController.m in Sources */,
				51CEE05415BA129600C2CEE9 /* WETouchableView.m in Sources */,
			);
			runOnlyForDeploymentPostprocessing = 0;
		};
		51CEE01315BA125A00C2CEE9 /* Sources */ = {
			isa = PBXSourcesBuildPhase;
			buildActionMask = 2147483647;
			files = (
				51CEE02915BA125A00C2CEE9 /* WEPopoverTests.m in Sources */,
			);
			runOnlyForDeploymentPostprocessing = 0;
		};
		51CEE06C15BA13B100C2CEE9 /* Sources */ = {
			isa = PBXSourcesBuildPhase;
			buildActionMask = 2147483647;
			files = (
				51CEE07D15BA13B200C2CEE9 /* main.m in Sources */,
				51CEE0A915BA14C600C2CEE9 /* WEPopoverContentViewController.m in Sources */,
				51CEE0AA15BA14C600C2CEE9 /* WEPopoverTableViewController.m in Sources */,
				51CEE0AB15BA14C600C2CEE9 /* WEPopoverViewController.m in Sources */,
				51CEE0AE15BA150F00C2CEE9 /* WEPopoverAppDelegate.m in Sources */,
			);
			runOnlyForDeploymentPostprocessing = 0;
		};
		51CEE08215BA13B200C2CEE9 /* Sources */ = {
			isa = PBXSourcesBuildPhase;
			buildActionMask = 2147483647;
			files = (
				51CEE09515BA13B200C2CEE9 /* WEPopoverDemoTests.m in Sources */,
			);
			runOnlyForDeploymentPostprocessing = 0;
		};
/* End PBXSourcesBuildPhase section */

/* Begin PBXTargetDependency section */
		51CB75F315BE69400052E201 /* PBXTargetDependency */ = {
			isa = PBXTargetDependency;
			target = 51CB75D415BE68830052E201 /* WEPopoverResources */;
			targetProxy = 51CB75F215BE69400052E201 /* PBXContainerItemProxy */;
		};
		51CEE01F15BA125A00C2CEE9 /* PBXTargetDependency */ = {
			isa = PBXTargetDependency;
			target = 51CEE00715BA125900C2CEE9 /* WEPopover */;
			targetProxy = 51CEE01E15BA125A00C2CEE9 /* PBXContainerItemProxy */;
		};
		51CEE08C15BA13B200C2CEE9 /* PBXTargetDependency */ = {
			isa = PBXTargetDependency;
			target = 51CEE06F15BA13B100C2CEE9 /* WEPopoverDemo */;
			targetProxy = 51CEE08B15BA13B200C2CEE9 /* PBXContainerItemProxy */;
		};
		51CEE0B215BA164500C2CEE9 /* PBXTargetDependency */ = {
			isa = PBXTargetDependency;
			target = 51CEE00715BA125900C2CEE9 /* WEPopover */;
			targetProxy = 51CEE0B115BA164500C2CEE9 /* PBXContainerItemProxy */;
		};
/* End PBXTargetDependency section */

/* Begin PBXVariantGroup section */
		51CEE02415BA125A00C2CEE9 /* InfoPlist.strings */ = {
			isa = PBXVariantGroup;
			children = (
				51CEE02515BA125A00C2CEE9 /* en */,
			);
			name = InfoPlist.strings;
			sourceTree = "<group>";
		};
		51CEE07915BA13B200C2CEE9 /* InfoPlist.strings */ = {
			isa = PBXVariantGroup;
			children = (
				51CEE07A15BA13B200C2CEE9 /* en */,
			);
			name = InfoPlist.strings;
			sourceTree = "<group>";
		};
		51CEE09015BA13B200C2CEE9 /* InfoPlist.strings */ = {
			isa = PBXVariantGroup;
			children = (
				51CEE09115BA13B200C2CEE9 /* en */,
			);
			name = InfoPlist.strings;
			sourceTree = "<group>";
		};
/* End PBXVariantGroup section */

/* Begin XCBuildConfiguration section */
		51CB75DF15BE68830052E201 /* Debug */ = {
			isa = XCBuildConfiguration;
			buildSettings = {
				ARCHS = "$(ARCHS_STANDARD_64_BIT)";
				CLANG_ENABLE_OBJC_ARC = YES;
				CONFIGURATION_BUILD_DIR = "$(BUILD_DIR)";
				GCC_ENABLE_OBJC_EXCEPTIONS = YES;
				GCC_PRECOMPILE_PREFIX_HEADER = YES;
				GCC_PREFIX_HEADER = "WEPopoverResources/WEPopoverResources-Prefix.pch";
				GCC_WARN_64_TO_32_BIT_CONVERSION = YES;
				INSTALL_PATH = "$(LOCAL_LIBRARY_DIR)/Bundles";
				MACOSX_DEPLOYMENT_TARGET = 10.7;
				ONLY_ACTIVE_ARCH = YES;
				PRODUCT_NAME = "$(TARGET_NAME)";
				SDKROOT = iphoneos;
				WRAPPER_EXTENSION = bundle;
			};
			name = Debug;
		};
		51CB75E015BE68830052E201 /* Release */ = {
			isa = XCBuildConfiguration;
			buildSettings = {
				ARCHS = "$(ARCHS_STANDARD_64_BIT)";
				CLANG_ENABLE_OBJC_ARC = YES;
				CONFIGURATION_BUILD_DIR = "$(BUILD_DIR)";
				DEBUG_INFORMATION_FORMAT = "dwarf-with-dsym";
				GCC_ENABLE_OBJC_EXCEPTIONS = YES;
				GCC_PRECOMPILE_PREFIX_HEADER = YES;
				GCC_PREFIX_HEADER = "WEPopoverResources/WEPopoverResources-Prefix.pch";
				GCC_WARN_64_TO_32_BIT_CONVERSION = YES;
				INSTALL_PATH = "$(LOCAL_LIBRARY_DIR)/Bundles";
				MACOSX_DEPLOYMENT_TARGET = 10.7;
				PRODUCT_NAME = "$(TARGET_NAME)";
				SDKROOT = iphoneos;
				WRAPPER_EXTENSION = bundle;
			};
			name = Release;
		};
		51CEE02A15BA125A00C2CEE9 /* Debug */ = {
			isa = XCBuildConfiguration;
			buildSettings = {
				ALWAYS_SEARCH_USER_PATHS = NO;
				ARCHS = "$(ARCHS_STANDARD_32_BIT)";
				COPY_PHASE_STRIP = NO;
				GCC_C_LANGUAGE_STANDARD = gnu99;
				GCC_DYNAMIC_NO_PIC = NO;
				GCC_OPTIMIZATION_LEVEL = 0;
				GCC_PREPROCESSOR_DEFINITIONS = (
					"DEBUG=1",
					"$(inherited)",
				);
				GCC_SYMBOLS_PRIVATE_EXTERN = NO;
				GCC_VERSION = com.apple.compilers.llvm.clang.1_0;
				GCC_WARN_ABOUT_RETURN_TYPE = YES;
				GCC_WARN_UNINITIALIZED_AUTOS = YES;
				GCC_WARN_UNUSED_VARIABLE = YES;
				IPHONEOS_DEPLOYMENT_TARGET = 5.1;
				SDKROOT = iphoneos;
			};
			name = Debug;
		};
		51CEE02B15BA125A00C2CEE9 /* Release */ = {
			isa = XCBuildConfiguration;
			buildSettings = {
				ALWAYS_SEARCH_USER_PATHS = NO;
				ARCHS = "$(ARCHS_STANDARD_32_BIT)";
				COPY_PHASE_STRIP = YES;
				GCC_C_LANGUAGE_STANDARD = gnu99;
				GCC_VERSION = com.apple.compilers.llvm.clang.1_0;
				GCC_WARN_ABOUT_RETURN_TYPE = YES;
				GCC_WARN_UNINITIALIZED_AUTOS = YES;
				GCC_WARN_UNUSED_VARIABLE = YES;
				IPHONEOS_DEPLOYMENT_TARGET = 5.1;
				SDKROOT = iphoneos;
				VALIDATE_PRODUCT = YES;
			};
			name = Release;
		};
		51CEE02D15BA125A00C2CEE9 /* Debug */ = {
			isa = XCBuildConfiguration;
			buildSettings = {
				DSTROOT = /tmp/WEPopover.dst;
				GCC_PRECOMPILE_PREFIX_HEADER = YES;
				GCC_PREFIX_HEADER = "WEPopover/WEPopover-Prefix.pch";
				OTHER_LDFLAGS = "-ObjC";
				PRODUCT_NAME = "$(TARGET_NAME)";
				SKIP_INSTALL = YES;
			};
			name = Debug;
		};
		51CEE02E15BA125A00C2CEE9 /* Release */ = {
			isa = XCBuildConfiguration;
			buildSettings = {
				DSTROOT = /tmp/WEPopover.dst;
				GCC_PRECOMPILE_PREFIX_HEADER = YES;
				GCC_PREFIX_HEADER = "WEPopover/WEPopover-Prefix.pch";
				OTHER_LDFLAGS = "-ObjC";
				PRODUCT_NAME = "$(TARGET_NAME)";
				SKIP_INSTALL = YES;
			};
			name = Release;
		};
		51CEE03015BA125A00C2CEE9 /* Debug */ = {
			isa = XCBuildConfiguration;
			buildSettings = {
				FRAMEWORK_SEARCH_PATHS = (
					"$(SDKROOT)/Developer/Library/Frameworks",
					"$(DEVELOPER_LIBRARY_DIR)/Frameworks",
				);
				GCC_PRECOMPILE_PREFIX_HEADER = YES;
				GCC_PREFIX_HEADER = "WEPopover/WEPopover-Prefix.pch";
				INFOPLIST_FILE = "WEPopoverTests/WEPopoverTests-Info.plist";
				PRODUCT_NAME = "$(TARGET_NAME)";
				WRAPPER_EXTENSION = octest;
			};
			name = Debug;
		};
		51CEE03115BA125A00C2CEE9 /* Release */ = {
			isa = XCBuildConfiguration;
			buildSettings = {
				FRAMEWORK_SEARCH_PATHS = (
					"$(SDKROOT)/Developer/Library/Frameworks",
					"$(DEVELOPER_LIBRARY_DIR)/Frameworks",
				);
				GCC_PRECOMPILE_PREFIX_HEADER = YES;
				GCC_PREFIX_HEADER = "WEPopover/WEPopover-Prefix.pch";
				INFOPLIST_FILE = "WEPopoverTests/WEPopoverTests-Info.plist";
				PRODUCT_NAME = "$(TARGET_NAME)";
				WRAPPER_EXTENSION = octest;
			};
			name = Release;
		};
		51CEE09715BA13B200C2CEE9 /* Debug */ = {
			isa = XCBuildConfiguration;
			buildSettings = {
				"CODE_SIGN_IDENTITY[sdk=iphoneos*]" = "iPhone Developer";
				FRAMEWORK_SEARCH_PATHS = (
					"$(inherited)",
					"\"$(SYSTEM_APPS_DIR)/Xcode.app/Contents/Developer/Library/Frameworks\"",
				);
				GCC_PRECOMPILE_PREFIX_HEADER = YES;
				GCC_PREFIX_HEADER = "WEPopoverDemo/WEPopoverDemo-Prefix.pch";
				INFOPLIST_FILE = "WEPopoverDemo/WEPopoverDemo-Info.plist";
				OTHER_LDFLAGS = "-ObjC";
				PRODUCT_NAME = "$(TARGET_NAME)";
				TARGETED_DEVICE_FAMILY = "1,2";
				WRAPPER_EXTENSION = app;
			};
			name = Debug;
		};
		51CEE09815BA13B200C2CEE9 /* Release */ = {
			isa = XCBuildConfiguration;
			buildSettings = {
				"CODE_SIGN_IDENTITY[sdk=iphoneos*]" = "iPhone Developer";
				FRAMEWORK_SEARCH_PATHS = (
					"$(inherited)",
					"\"$(SYSTEM_APPS_DIR)/Xcode.app/Contents/Developer/Library/Frameworks\"",
				);
				GCC_PRECOMPILE_PREFIX_HEADER = YES;
				GCC_PREFIX_HEADER = "WEPopoverDemo/WEPopoverDemo-Prefix.pch";
				INFOPLIST_FILE = "WEPopoverDemo/WEPopoverDemo-Info.plist";
				OTHER_CFLAGS = "-DNS_BLOCK_ASSERTIONS=1";
				OTHER_LDFLAGS = "-ObjC";
				PRODUCT_NAME = "$(TARGET_NAME)";
				TARGETED_DEVICE_FAMILY = "1,2";
				WRAPPER_EXTENSION = app;
			};
			name = Release;
		};
		51CEE09A15BA13B200C2CEE9 /* Debug */ = {
			isa = XCBuildConfiguration;
			buildSettings = {
				BUNDLE_LOADER = "$(BUILT_PRODUCTS_DIR)/WEPopoverDemo.app/WEPopoverDemo";
				FRAMEWORK_SEARCH_PATHS = (
					"$(SDKROOT)/Developer/Library/Frameworks",
					"$(DEVELOPER_LIBRARY_DIR)/Frameworks",
				);
				GCC_PRECOMPILE_PREFIX_HEADER = YES;
				GCC_PREFIX_HEADER = "WEPopoverDemo/WEPopoverDemo-Prefix.pch";
				INFOPLIST_FILE = "WEPopoverDemoTests/WEPopoverDemoTests-Info.plist";
				PRODUCT_NAME = "$(TARGET_NAME)";
				TEST_HOST = "$(BUNDLE_LOADER)";
				WRAPPER_EXTENSION = octest;
			};
			name = Debug;
		};
		51CEE09B15BA13B200C2CEE9 /* Release */ = {
			isa = XCBuildConfiguration;
			buildSettings = {
				BUNDLE_LOADER = "$(BUILT_PRODUCTS_DIR)/WEPopoverDemo.app/WEPopoverDemo";
				FRAMEWORK_SEARCH_PATHS = (
					"$(SDKROOT)/Developer/Library/Frameworks",
					"$(DEVELOPER_LIBRARY_DIR)/Frameworks",
				);
				GCC_PRECOMPILE_PREFIX_HEADER = YES;
				GCC_PREFIX_HEADER = "WEPopoverDemo/WEPopoverDemo-Prefix.pch";
				INFOPLIST_FILE = "WEPopoverDemoTests/WEPopoverDemoTests-Info.plist";
				PRODUCT_NAME = "$(TARGET_NAME)";
				TEST_HOST = "$(BUNDLE_LOADER)";
				WRAPPER_EXTENSION = octest;
			};
			name = Release;
		};
/* End XCBuildConfiguration section */

/* Begin XCConfigurationList section */
		51CB75E115BE68830052E201 /* Build configuration list for PBXNativeTarget "WEPopoverResources" */ = {
			isa = XCConfigurationList;
			buildConfigurations = (
				51CB75DF15BE68830052E201 /* Debug */,
				51CB75E015BE68830052E201 /* Release */,
			);
			defaultConfigurationIsVisible = 0;
		};
		51CEE00215BA125900C2CEE9 /* Build configuration list for PBXProject "WEPopover" */ = {
			isa = XCConfigurationList;
			buildConfigurations = (
				51CEE02A15BA125A00C2CEE9 /* Debug */,
				51CEE02B15BA125A00C2CEE9 /* Release */,
			);
			defaultConfigurationIsVisible = 0;
			defaultConfigurationName = Release;
		};
		51CEE02C15BA125A00C2CEE9 /* Build configuration list for PBXNativeTarget "WEPopover" */ = {
			isa = XCConfigurationList;
			buildConfigurations = (
				51CEE02D15BA125A00C2CEE9 /* Debug */,
				51CEE02E15BA125A00C2CEE9 /* Release */,
			);
			defaultConfigurationIsVisible = 0;
			defaultConfigurationName = Release;
		};
		51CEE02F15BA125A00C2CEE9 /* Build configuration list for PBXNativeTarget "WEPopoverTests" */ = {
			isa = XCConfigurationList;
			buildConfigurations = (
				51CEE03015BA125A00C2CEE9 /* Debug */,
				51CEE03115BA125A00C2CEE9 /* Release */,
			);
			defaultConfigurationIsVisible = 0;
			defaultConfigurationName = Release;
		};
		51CEE09615BA13B200C2CEE9 /* Build configuration list for PBXNativeTarget "WEPopoverDemo" */ = {
			isa = XCConfigurationList;
			buildConfigurations = (
				51CEE09715BA13B200C2CEE9 /* Debug */,
				51CEE09815BA13B200C2CEE9 /* Release */,
			);
			defaultConfigurationIsVisible = 0;
			defaultConfigurationName = Release;
		};
		51CEE09915BA13B200C2CEE9 /* Build configuration list for PBXNativeTarget "WEPopoverDemoTests" */ = {
			isa = XCConfigurationList;
			buildConfigurations = (
				51CEE09A15BA13B200C2CEE9 /* Debug */,
				51CEE09B15BA13B200C2CEE9 /* Release */,
			);
			defaultConfigurationIsVisible = 0;
			defaultConfigurationName = Release;
		};
/* End XCConfigurationList section */
	};
	rootObject = 51CEDFFF15BA125900C2CEE9 /* Project object */;
}
